// !$*UTF8*$!
{
	archiveVersion = 1;
	classes = {
	};
	objectVersion = 48;
	objects = {

/* Begin PBXBuildFile section */
		9F6B76A820ED13C0000E5824 /* inpaintingresult.cpp in Sources */ = {isa = PBXBuildFile; fileRef = 9F6B767520ED13BF000E5824 /* inpaintingresult.cpp */; };
		9F6B76A920ED13C0000E5824 /* fast.cpp in Sources */ = {isa = PBXBuildFile; fileRef = 9F6B767620ED13BF000E5824 /* fast.cpp */; };
		9F6B76AA20ED13C0000E5824 /* inpaint_image_criminisi.cpp in Sources */ = {isa = PBXBuildFile; fileRef = 9F6B768620ED13BF000E5824 /* inpaint_image_criminisi.cpp */; };
		9F6B76AB20ED13C0000E5824 /* patch_match.cpp in Sources */ = {isa = PBXBuildFile; fileRef = 9F6B768720ED13BF000E5824 /* patch_match.cpp */; };
		9F6B76AC20ED13C0000E5824 /* patch.cpp in Sources */ = {isa = PBXBuildFile; fileRef = 9F6B768A20ED13BF000E5824 /* patch.cpp */; };
		9F6B76AD20ED13C0000E5824 /* pyramid.cpp in Sources */ = {isa = PBXBuildFile; fileRef = 9F6B768C20ED13BF000E5824 /* pyramid.cpp */; };
		9F6B76AE20ED13C0000E5824 /* mean_shift.cpp in Sources */ = {isa = PBXBuildFile; fileRef = 9F6B768D20ED13BF000E5824 /* mean_shift.cpp */; };
		9F6B76AF20ED13C0000E5824 /* template_match_candidates.cpp in Sources */ = {isa = PBXBuildFile; fileRef = 9F6B768E20ED13BF000E5824 /* template_match_candidates.cpp */; };
		9F6B76B020ED13C0000E5824 /* criminisi_inpainter.cpp in Sources */ = {isa = PBXBuildFile; fileRef = 9F6B768F20ED13BF000E5824 /* criminisi_inpainter.cpp */; };
		9F6B76B120ED13C0000E5824 /* patch_match.cpp in Sources */ = {isa = PBXBuildFile; fileRef = 9F6B769020ED13BF000E5824 /* patch_match.cpp */; };
		9F6B76B220ED13C0000E5824 /* PixMix.cpp in Sources */ = {isa = PBXBuildFile; fileRef = 9F6B769320ED13BF000E5824 /* PixMix.cpp */; };
		9F6B76B320ED13C0000E5824 /* Utilities.cpp in Sources */ = {isa = PBXBuildFile; fileRef = 9F6B769520ED13BF000E5824 /* Utilities.cpp */; };
		9F6B76B420ED13C0000E5824 /* OneLvPixMix.cpp in Sources */ = {isa = PBXBuildFile; fileRef = 9F6B769720ED13BF000E5824 /* OneLvPixMix.cpp */; };
		9F6B76B520ED13C0000E5824 /* inpainter.cpp in Sources */ = {isa = PBXBuildFile; fileRef = 9F6B769920ED13BF000E5824 /* inpainter.cpp */; };
		9F6B76B620ED13C0000E5824 /* drutil.cpp in Sources */ = {isa = PBXBuildFile; fileRef = 9F6B769D20ED13BF000E5824 /* drutil.cpp */; };
		9F6B76B720ED13C0000E5824 /* preproccessor.cpp in Sources */ = {isa = PBXBuildFile; fileRef = 9F6B76A020ED13C0000E5824 /* preproccessor.cpp */; };
		9F6B76B820ED13C0000E5824 /* illumination.cpp in Sources */ = {isa = PBXBuildFile; fileRef = 9F6B76A220ED13C0000E5824 /* illumination.cpp */; };
		9F6B76B920ED13C0000E5824 /* grabcut.cpp in Sources */ = {isa = PBXBuildFile; fileRef = 9F6B76A420ED13C0000E5824 /* grabcut.cpp */; };
		9F6B76BA20ED13C0000E5824 /* objecttracker.cpp in Sources */ = {isa = PBXBuildFile; fileRef = 9F6B76A720ED13C0000E5824 /* objecttracker.cpp */; };
		9FDD7AEE20D00D6F006CAEF8 /* DRDll.cpp in Sources */ = {isa = PBXBuildFile; fileRef = 9FDD7AEC20D00D6F006CAEF8 /* DRDll.cpp */; };
/* End PBXBuildFile section */

/* Begin PBXFileReference section */
		9F6B767520ED13BF000E5824 /* inpaintingresult.cpp */ = {isa = PBXFileReference; fileEncoding = 4; lastKnownFileType = sourcecode.cpp.cpp; path = inpaintingresult.cpp; sourceTree = "<group>"; };
		9F6B767620ED13BF000E5824 /* fast.cpp */ = {isa = PBXFileReference; fileEncoding = 4; lastKnownFileType = sourcecode.cpp.cpp; path = fast.cpp; sourceTree = "<group>"; };
		9F6B767720ED13BF000E5824 /* inpaintingresult.h */ = {isa = PBXFileReference; fileEncoding = 4; lastKnownFileType = sourcecode.c.h; path = inpaintingresult.h; sourceTree = "<group>"; };
		9F6B767B20ED13BF000E5824 /* criminisi_inpainter.h */ = {isa = PBXFileReference; fileEncoding = 4; lastKnownFileType = sourcecode.c.h; path = criminisi_inpainter.h; sourceTree = "<group>"; };
		9F6B767C20ED13BF000E5824 /* mean_shift.h */ = {isa = PBXFileReference; fileEncoding = 4; lastKnownFileType = sourcecode.c.h; path = mean_shift.h; sourceTree = "<group>"; };
		9F6B767D20ED13BF000E5824 /* gradient.h */ = {isa = PBXFileReference; fileEncoding = 4; lastKnownFileType = sourcecode.c.h; path = gradient.h; sourceTree = "<group>"; };
		9F6B767E20ED13BF000E5824 /* pyramid.h */ = {isa = PBXFileReference; fileEncoding = 4; lastKnownFileType = sourcecode.c.h; path = pyramid.h; sourceTree = "<group>"; };
		9F6B767F20ED13BF000E5824 /* patch_match.h */ = {isa = PBXFileReference; fileEncoding = 4; lastKnownFileType = sourcecode.c.h; path = patch_match.h; sourceTree = "<group>"; };
		9F6B768020ED13BF000E5824 /* timer.h */ = {isa = PBXFileReference; fileEncoding = 4; lastKnownFileType = sourcecode.c.h; path = timer.h; sourceTree = "<group>"; };
		9F6B768120ED13BF000E5824 /* template_match_candidates.h */ = {isa = PBXFileReference; fileEncoding = 4; lastKnownFileType = sourcecode.c.h; path = template_match_candidates.h; sourceTree = "<group>"; };
		9F6B768220ED13BF000E5824 /* patch.h */ = {isa = PBXFileReference; fileEncoding = 4; lastKnownFileType = sourcecode.c.h; path = patch.h; sourceTree = "<group>"; };
		9F6B768320ED13BF000E5824 /* integral.h */ = {isa = PBXFileReference; fileEncoding = 4; lastKnownFileType = sourcecode.c.h; path = integral.h; sourceTree = "<group>"; };
		9F6B768420ED13BF000E5824 /* stats.h */ = {isa = PBXFileReference; fileEncoding = 4; lastKnownFileType = sourcecode.c.h; path = stats.h; sourceTree = "<group>"; };
		9F6B768620ED13BF000E5824 /* inpaint_image_criminisi.cpp */ = {isa = PBXFileReference; fileEncoding = 4; lastKnownFileType = sourcecode.cpp.cpp; path = inpaint_image_criminisi.cpp; sourceTree = "<group>"; };
		9F6B768720ED13BF000E5824 /* patch_match.cpp */ = {isa = PBXFileReference; fileEncoding = 4; lastKnownFileType = sourcecode.cpp.cpp; path = patch_match.cpp; sourceTree = "<group>"; };
		9F6B768920ED13BF000E5824 /* catch.hpp */ = {isa = PBXFileReference; fileEncoding = 4; lastKnownFileType = sourcecode.cpp.h; path = catch.hpp; sourceTree = "<group>"; };
		9F6B768A20ED13BF000E5824 /* patch.cpp */ = {isa = PBXFileReference; fileEncoding = 4; lastKnownFileType = sourcecode.cpp.cpp; path = patch.cpp; sourceTree = "<group>"; };
		9F6B768C20ED13BF000E5824 /* pyramid.cpp */ = {isa = PBXFileReference; fileEncoding = 4; lastKnownFileType = sourcecode.cpp.cpp; path = pyramid.cpp; sourceTree = "<group>"; };
		9F6B768D20ED13BF000E5824 /* mean_shift.cpp */ = {isa = PBXFileReference; fileEncoding = 4; lastKnownFileType = sourcecode.cpp.cpp; path = mean_shift.cpp; sourceTree = "<group>"; };
		9F6B768E20ED13BF000E5824 /* template_match_candidates.cpp */ = {isa = PBXFileReference; fileEncoding = 4; lastKnownFileType = sourcecode.cpp.cpp; path = template_match_candidates.cpp; sourceTree = "<group>"; };
		9F6B768F20ED13BF000E5824 /* criminisi_inpainter.cpp */ = {isa = PBXFileReference; fileEncoding = 4; lastKnownFileType = sourcecode.cpp.cpp; path = criminisi_inpainter.cpp; sourceTree = "<group>"; };
		9F6B769020ED13BF000E5824 /* patch_match.cpp */ = {isa = PBXFileReference; fileEncoding = 4; lastKnownFileType = sourcecode.cpp.cpp; path = patch_match.cpp; sourceTree = "<group>"; };
		9F6B769220ED13BF000E5824 /* OneLvPixMix.h */ = {isa = PBXFileReference; fileEncoding = 4; lastKnownFileType = sourcecode.c.h; path = OneLvPixMix.h; sourceTree = "<group>"; };
		9F6B769320ED13BF000E5824 /* PixMix.cpp */ = {isa = PBXFileReference; fileEncoding = 4; lastKnownFileType = sourcecode.cpp.cpp; path = PixMix.cpp; sourceTree = "<group>"; };
		9F6B769420ED13BF000E5824 /* Utilities.h */ = {isa = PBXFileReference; fileEncoding = 4; lastKnownFileType = sourcecode.c.h; path = Utilities.h; sourceTree = "<group>"; };
		9F6B769520ED13BF000E5824 /* Utilities.cpp */ = {isa = PBXFileReference; fileEncoding = 4; lastKnownFileType = sourcecode.cpp.cpp; path = Utilities.cpp; sourceTree = "<group>"; };
		9F6B769620ED13BF000E5824 /* PixMix.h */ = {isa = PBXFileReference; fileEncoding = 4; lastKnownFileType = sourcecode.c.h; path = PixMix.h; sourceTree = "<group>"; };
		9F6B769720ED13BF000E5824 /* OneLvPixMix.cpp */ = {isa = PBXFileReference; fileEncoding = 4; lastKnownFileType = sourcecode.cpp.cpp; path = OneLvPixMix.cpp; sourceTree = "<group>"; };
		9F6B769820ED13BF000E5824 /* inpainter.hpp */ = {isa = PBXFileReference; fileEncoding = 4; lastKnownFileType = sourcecode.cpp.h; path = inpainter.hpp; sourceTree = "<group>"; };
		9F6B769920ED13BF000E5824 /* inpainter.cpp */ = {isa = PBXFileReference; fileEncoding = 4; lastKnownFileType = sourcecode.cpp.cpp; path = inpainter.cpp; sourceTree = "<group>"; };
		9F6B769A20ED13BF000E5824 /* FastDigitalImageInpainting.hpp */ = {isa = PBXFileReference; fileEncoding = 4; lastKnownFileType = sourcecode.cpp.h; path = FastDigitalImageInpainting.hpp; sourceTree = "<group>"; };
		9F6B769B20ED13BF000E5824 /* fast.hpp */ = {isa = PBXFileReference; fileEncoding = 4; lastKnownFileType = sourcecode.cpp.h; path = fast.hpp; sourceTree = "<group>"; };
		9F6B769C20ED13BF000E5824 /* drutil.hpp */ = {isa = PBXFileReference; fileEncoding = 4; lastKnownFileType = sourcecode.cpp.h; path = drutil.hpp; sourceTree = "<group>"; };
		9F6B769D20ED13BF000E5824 /* drutil.cpp */ = {isa = PBXFileReference; fileEncoding = 4; lastKnownFileType = sourcecode.cpp.cpp; path = drutil.cpp; sourceTree = "<group>"; };
		9F6B769F20ED13C0000E5824 /* illumination.hpp */ = {isa = PBXFileReference; fileEncoding = 4; lastKnownFileType = sourcecode.cpp.h; path = illumination.hpp; sourceTree = "<group>"; };
		9F6B76A020ED13C0000E5824 /* preproccessor.cpp */ = {isa = PBXFileReference; fileEncoding = 4; lastKnownFileType = sourcecode.cpp.cpp; path = preproccessor.cpp; sourceTree = "<group>"; };
		9F6B76A120ED13C0000E5824 /* grabcut.h */ = {isa = PBXFileReference; fileEncoding = 4; lastKnownFileType = sourcecode.c.h; path = grabcut.h; sourceTree = "<group>"; };
		9F6B76A220ED13C0000E5824 /* illumination.cpp */ = {isa = PBXFileReference; fileEncoding = 4; lastKnownFileType = sourcecode.cpp.cpp; path = illumination.cpp; sourceTree = "<group>"; };
		9F6B76A320ED13C0000E5824 /* preproccessor.hpp */ = {isa = PBXFileReference; fileEncoding = 4; lastKnownFileType = sourcecode.cpp.h; path = preproccessor.hpp; sourceTree = "<group>"; };
		9F6B76A420ED13C0000E5824 /* grabcut.cpp */ = {isa = PBXFileReference; fileEncoding = 4; lastKnownFileType = sourcecode.cpp.cpp; path = grabcut.cpp; sourceTree = "<group>"; };
		9F6B76A620ED13C0000E5824 /* objecttracker.hpp */ = {isa = PBXFileReference; fileEncoding = 4; lastKnownFileType = sourcecode.cpp.h; path = objecttracker.hpp; sourceTree = "<group>"; };
		9F6B76A720ED13C0000E5824 /* objecttracker.cpp */ = {isa = PBXFileReference; fileEncoding = 4; lastKnownFileType = sourcecode.cpp.cpp; path = objecttracker.cpp; sourceTree = "<group>"; };
		9FDD7AE320D00C00006CAEF8 /* DRDll.bundle */ = {isa = PBXFileReference; explicitFileType = wrapper.cfbundle; includeInIndex = 0; path = DRDll.bundle; sourceTree = BUILT_PRODUCTS_DIR; };
		9FDD7AE620D00C00006CAEF8 /* Info.plist */ = {isa = PBXFileReference; lastKnownFileType = text.plist.xml; path = Info.plist; sourceTree = "<group>"; };
		9FDD7AEC20D00D6F006CAEF8 /* DRDll.cpp */ = {isa = PBXFileReference; lastKnownFileType = sourcecode.cpp.cpp; path = DRDll.cpp; sourceTree = "<group>"; };
		9FDD7AED20D00D6F006CAEF8 /* DRDll.h */ = {isa = PBXFileReference; lastKnownFileType = sourcecode.c.h; path = DRDll.h; sourceTree = "<group>"; };
/* End PBXFileReference section */

/* Begin PBXFrameworksBuildPhase section */
		9FDD7AE020D00C00006CAEF8 /* Frameworks */ = {
			isa = PBXFrameworksBuildPhase;
			buildActionMask = 2147483647;
			files = (
			);
			runOnlyForDeploymentPostprocessing = 0;
		};
/* End PBXFrameworksBuildPhase section */

/* Begin PBXGroup section */
		9F2F60C320D50B15001AAE11 /* src */ = {
			isa = PBXGroup;
			children = (
				9F6B769E20ED13C0000E5824 /* preproccess */,
				9F6B76A520ED13C0000E5824 /* tracking */,
				9F6B767420ED13BF000E5824 /* inpainting */,
				9F6B769D20ED13BF000E5824 /* drutil.cpp */,
				9F6B769C20ED13BF000E5824 /* drutil.hpp */,
			);
			path = src;
			sourceTree = "<group>";
		};
		9F6B767420ED13BF000E5824 /* inpainting */ = {
			isa = PBXGroup;
			children = (
				9F6B767520ED13BF000E5824 /* inpaintingresult.cpp */,
				9F6B767620ED13BF000E5824 /* fast.cpp */,
				9F6B767720ED13BF000E5824 /* inpaintingresult.h */,
				9F6B767820ED13BF000E5824 /* exemplar */,
				9F6B769120ED13BF000E5824 /* PixMix */,
				9F6B769820ED13BF000E5824 /* inpainter.hpp */,
				9F6B769920ED13BF000E5824 /* inpainter.cpp */,
				9F6B769A20ED13BF000E5824 /* FastDigitalImageInpainting.hpp */,
				9F6B769B20ED13BF000E5824 /* fast.hpp */,
			);
			path = inpainting;
			sourceTree = "<group>";
		};
		9F6B767820ED13BF000E5824 /* exemplar */ = {
			isa = PBXGroup;
			children = (
				9F6B767920ED13BF000E5824 /* inc */,
				9F6B768520ED13BF000E5824 /* examples */,
				9F6B768820ED13BF000E5824 /* benchmarks */,
				9F6B768B20ED13BF000E5824 /* src */,
			);
			path = exemplar;
			sourceTree = "<group>";
		};
		9F6B767920ED13BF000E5824 /* inc */ = {
			isa = PBXGroup;
			children = (
				9F6B767A20ED13BF000E5824 /* inpaint */,
			);
			path = inc;
			sourceTree = "<group>";
		};
		9F6B767A20ED13BF000E5824 /* inpaint */ = {
			isa = PBXGroup;
			children = (
				9F6B767B20ED13BF000E5824 /* criminisi_inpainter.h */,
				9F6B767C20ED13BF000E5824 /* mean_shift.h */,
				9F6B767D20ED13BF000E5824 /* gradient.h */,
				9F6B767E20ED13BF000E5824 /* pyramid.h */,
				9F6B767F20ED13BF000E5824 /* patch_match.h */,
				9F6B768020ED13BF000E5824 /* timer.h */,
				9F6B768120ED13BF000E5824 /* template_match_candidates.h */,
				9F6B768220ED13BF000E5824 /* patch.h */,
				9F6B768320ED13BF000E5824 /* integral.h */,
				9F6B768420ED13BF000E5824 /* stats.h */,
			);
			path = inpaint;
			sourceTree = "<group>";
		};
		9F6B768520ED13BF000E5824 /* examples */ = {
			isa = PBXGroup;
			children = (
				9F6B768620ED13BF000E5824 /* inpaint_image_criminisi.cpp */,
				9F6B768720ED13BF000E5824 /* patch_match.cpp */,
			);
			path = examples;
			sourceTree = "<group>";
		};
		9F6B768820ED13BF000E5824 /* benchmarks */ = {
			isa = PBXGroup;
			children = (
				9F6B768920ED13BF000E5824 /* catch.hpp */,
				9F6B768A20ED13BF000E5824 /* patch.cpp */,
			);
			path = benchmarks;
			sourceTree = "<group>";
		};
		9F6B768B20ED13BF000E5824 /* src */ = {
			isa = PBXGroup;
			children = (
				9F6B768C20ED13BF000E5824 /* pyramid.cpp */,
				9F6B768D20ED13BF000E5824 /* mean_shift.cpp */,
				9F6B768E20ED13BF000E5824 /* template_match_candidates.cpp */,
				9F6B768F20ED13BF000E5824 /* criminisi_inpainter.cpp */,
				9F6B769020ED13BF000E5824 /* patch_match.cpp */,
			);
			path = src;
			sourceTree = "<group>";
		};
		9F6B769120ED13BF000E5824 /* PixMix */ = {
			isa = PBXGroup;
			children = (
				9F6B769220ED13BF000E5824 /* OneLvPixMix.h */,
				9F6B769320ED13BF000E5824 /* PixMix.cpp */,
				9F6B769420ED13BF000E5824 /* Utilities.h */,
				9F6B769520ED13BF000E5824 /* Utilities.cpp */,
				9F6B769620ED13BF000E5824 /* PixMix.h */,
				9F6B769720ED13BF000E5824 /* OneLvPixMix.cpp */,
			);
			path = PixMix;
			sourceTree = "<group>";
		};
		9F6B769E20ED13C0000E5824 /* preproccess */ = {
			isa = PBXGroup;
			children = (
				9F6B769F20ED13C0000E5824 /* illumination.hpp */,
				9F6B76A020ED13C0000E5824 /* preproccessor.cpp */,
				9F6B76A120ED13C0000E5824 /* grabcut.h */,
				9F6B76A220ED13C0000E5824 /* illumination.cpp */,
				9F6B76A320ED13C0000E5824 /* preproccessor.hpp */,
				9F6B76A420ED13C0000E5824 /* grabcut.cpp */,
			);
			path = preproccess;
			sourceTree = "<group>";
		};
		9F6B76A520ED13C0000E5824 /* tracking */ = {
			isa = PBXGroup;
			children = (
				9F6B76A620ED13C0000E5824 /* objecttracker.hpp */,
				9F6B76A720ED13C0000E5824 /* objecttracker.cpp */,
			);
			path = tracking;
			sourceTree = "<group>";
		};
		9FDD7ADA20D00C00006CAEF8 = {
			isa = PBXGroup;
			children = (
				9FDD7AE520D00C00006CAEF8 /* DRDll */,
				9FDD7AE420D00C00006CAEF8 /* Products */,
			);
			sourceTree = "<group>";
		};
		9FDD7AE420D00C00006CAEF8 /* Products */ = {
			isa = PBXGroup;
			children = (
				9FDD7AE320D00C00006CAEF8 /* DRDll.bundle */,
			);
			name = Products;
			sourceTree = "<group>";
		};
		9FDD7AE520D00C00006CAEF8 /* DRDll */ = {
			isa = PBXGroup;
			children = (
				9F2F60C320D50B15001AAE11 /* src */,
				9FDD7AE620D00C00006CAEF8 /* Info.plist */,
				9FDD7AEC20D00D6F006CAEF8 /* DRDll.cpp */,
				9FDD7AED20D00D6F006CAEF8 /* DRDll.h */,
			);
			path = DRDll;
			sourceTree = "<group>";
		};
/* End PBXGroup section */

/* Begin PBXNativeTarget section */
		9FDD7AE220D00C00006CAEF8 /* DRDll */ = {
			isa = PBXNativeTarget;
			buildConfigurationList = 9FDD7AE920D00C00006CAEF8 /* Build configuration list for PBXNativeTarget "DRDll" */;
			buildPhases = (
				9FDD7ADF20D00C00006CAEF8 /* Sources */,
				9FDD7AE020D00C00006CAEF8 /* Frameworks */,
				9FDD7AE120D00C00006CAEF8 /* Resources */,
			);
			buildRules = (
			);
			dependencies = (
			);
			name = DRDll;
			productName = DRDll;
			productReference = 9FDD7AE320D00C00006CAEF8 /* DRDll.bundle */;
			productType = "com.apple.product-type.bundle";
		};
/* End PBXNativeTarget section */

/* Begin PBXProject section */
		9FDD7ADB20D00C00006CAEF8 /* Project object */ = {
			isa = PBXProject;
			attributes = {
				LastUpgradeCheck = 0900;
				ORGANIZATIONNAME = LarryLiang;
				TargetAttributes = {
					9FDD7AE220D00C00006CAEF8 = {
						CreatedOnToolsVersion = 9.0;
						ProvisioningStyle = Automatic;
					};
				};
			};
			buildConfigurationList = 9FDD7ADE20D00C00006CAEF8 /* Build configuration list for PBXProject "DRDll" */;
			compatibilityVersion = "Xcode 8.0";
			developmentRegion = en;
			hasScannedForEncodings = 0;
			knownRegions = (
				en,
			);
			mainGroup = 9FDD7ADA20D00C00006CAEF8;
			productRefGroup = 9FDD7AE420D00C00006CAEF8 /* Products */;
			projectDirPath = "";
			projectRoot = "";
			targets = (
				9FDD7AE220D00C00006CAEF8 /* DRDll */,
			);
		};
/* End PBXProject section */

/* Begin PBXResourcesBuildPhase section */
		9FDD7AE120D00C00006CAEF8 /* Resources */ = {
			isa = PBXResourcesBuildPhase;
			buildActionMask = 2147483647;
			files = (
			);
			runOnlyForDeploymentPostprocessing = 0;
		};
/* End PBXResourcesBuildPhase section */

/* Begin PBXSourcesBuildPhase section */
		9FDD7ADF20D00C00006CAEF8 /* Sources */ = {
			isa = PBXSourcesBuildPhase;
			buildActionMask = 2147483647;
			files = (
				9F6B76AD20ED13C0000E5824 /* pyramid.cpp in Sources */,
				9FDD7AEE20D00D6F006CAEF8 /* DRDll.cpp in Sources */,
				9F6B76B020ED13C0000E5824 /* criminisi_inpainter.cpp in Sources */,
				9F6B76A820ED13C0000E5824 /* inpaintingresult.cpp in Sources */,
				9F6B76AC20ED13C0000E5824 /* patch.cpp in Sources */,
				9F6B76BA20ED13C0000E5824 /* objecttracker.cpp in Sources */,
				9F6B76B720ED13C0000E5824 /* preproccessor.cpp in Sources */,
				9F6B76AF20ED13C0000E5824 /* template_match_candidates.cpp in Sources */,
				9F6B76B520ED13C0000E5824 /* inpainter.cpp in Sources */,
				9F6B76B220ED13C0000E5824 /* PixMix.cpp in Sources */,
				9F6B76B920ED13C0000E5824 /* grabcut.cpp in Sources */,
				9F6B76A920ED13C0000E5824 /* fast.cpp in Sources */,
				9F6B76AE20ED13C0000E5824 /* mean_shift.cpp in Sources */,
				9F6B76AA20ED13C0000E5824 /* inpaint_image_criminisi.cpp in Sources */,
				9F6B76B120ED13C0000E5824 /* patch_match.cpp in Sources */,
				9F6B76AB20ED13C0000E5824 /* patch_match.cpp in Sources */,
				9F6B76B320ED13C0000E5824 /* Utilities.cpp in Sources */,
				9F6B76B420ED13C0000E5824 /* OneLvPixMix.cpp in Sources */,
				9F6B76B820ED13C0000E5824 /* illumination.cpp in Sources */,
				9F6B76B620ED13C0000E5824 /* drutil.cpp in Sources */,
			);
			runOnlyForDeploymentPostprocessing = 0;
		};
/* End PBXSourcesBuildPhase section */

/* Begin XCBuildConfiguration section */
		9FDD7AE720D00C00006CAEF8 /* Debug */ = {
			isa = XCBuildConfiguration;
			buildSettings = {
				ALWAYS_SEARCH_USER_PATHS = NO;
				CLANG_ANALYZER_NONNULL = YES;
				CLANG_ANALYZER_NUMBER_OBJECT_CONVERSION = YES_AGGRESSIVE;
				CLANG_CXX_LANGUAGE_STANDARD = "gnu++14";
				CLANG_CXX_LIBRARY = "libc++";
				CLANG_ENABLE_MODULES = YES;
				CLANG_ENABLE_OBJC_ARC = YES;
				CLANG_WARN_BLOCK_CAPTURE_AUTORELEASING = YES;
				CLANG_WARN_BOOL_CONVERSION = YES;
				CLANG_WARN_COMMA = YES;
				CLANG_WARN_CONSTANT_CONVERSION = YES;
				CLANG_WARN_DIRECT_OBJC_ISA_USAGE = YES_ERROR;
				CLANG_WARN_DOCUMENTATION_COMMENTS = YES;
				CLANG_WARN_EMPTY_BODY = YES;
				CLANG_WARN_ENUM_CONVERSION = YES;
				CLANG_WARN_INFINITE_RECURSION = YES;
				CLANG_WARN_INT_CONVERSION = YES;
				CLANG_WARN_NON_LITERAL_NULL_CONVERSION = YES;
				CLANG_WARN_OBJC_LITERAL_CONVERSION = YES;
				CLANG_WARN_OBJC_ROOT_CLASS = YES_ERROR;
				CLANG_WARN_RANGE_LOOP_ANALYSIS = YES;
				CLANG_WARN_STRICT_PROTOTYPES = YES;
				CLANG_WARN_SUSPICIOUS_MOVE = YES;
				CLANG_WARN_UNGUARDED_AVAILABILITY = YES_AGGRESSIVE;
				CLANG_WARN_UNREACHABLE_CODE = YES;
				CLANG_WARN__DUPLICATE_METHOD_MATCH = YES;
				CODE_SIGN_IDENTITY = "Mac Developer";
				COPY_PHASE_STRIP = NO;
				DEBUG_INFORMATION_FORMAT = dwarf;
				ENABLE_STRICT_OBJC_MSGSEND = YES;
				ENABLE_TESTABILITY = YES;
				GCC_C_LANGUAGE_STANDARD = gnu11;
				GCC_DYNAMIC_NO_PIC = NO;
				GCC_NO_COMMON_BLOCKS = YES;
				GCC_OPTIMIZATION_LEVEL = 0;
				GCC_PREPROCESSOR_DEFINITIONS = (
					"DEBUG=1",
					"$(inherited)",
				);
				GCC_WARN_64_TO_32_BIT_CONVERSION = YES;
				GCC_WARN_ABOUT_RETURN_TYPE = YES_ERROR;
				GCC_WARN_UNDECLARED_SELECTOR = YES;
				GCC_WARN_UNINITIALIZED_AUTOS = YES_AGGRESSIVE;
				GCC_WARN_UNUSED_FUNCTION = YES;
				GCC_WARN_UNUSED_VARIABLE = YES;
				MACOSX_DEPLOYMENT_TARGET = 10.13;
				MTL_ENABLE_DEBUG_INFO = YES;
				ONLY_ACTIVE_ARCH = YES;
				SDKROOT = macosx;
			};
			name = Debug;
		};
		9FDD7AE820D00C00006CAEF8 /* Release */ = {
			isa = XCBuildConfiguration;
			buildSettings = {
				ALWAYS_SEARCH_USER_PATHS = NO;
				CLANG_ANALYZER_NONNULL = YES;
				CLANG_ANALYZER_NUMBER_OBJECT_CONVERSION = YES_AGGRESSIVE;
				CLANG_CXX_LANGUAGE_STANDARD = "gnu++14";
				CLANG_CXX_LIBRARY = "libc++";
				CLANG_ENABLE_MODULES = YES;
				CLANG_ENABLE_OBJC_ARC = YES;
				CLANG_WARN_BLOCK_CAPTURE_AUTORELEASING = YES;
				CLANG_WARN_BOOL_CONVERSION = YES;
				CLANG_WARN_COMMA = YES;
				CLANG_WARN_CONSTANT_CONVERSION = YES;
				CLANG_WARN_DIRECT_OBJC_ISA_USAGE = YES_ERROR;
				CLANG_WARN_DOCUMENTATION_COMMENTS = YES;
				CLANG_WARN_EMPTY_BODY = YES;
				CLANG_WARN_ENUM_CONVERSION = YES;
				CLANG_WARN_INFINITE_RECURSION = YES;
				CLANG_WARN_INT_CONVERSION = YES;
				CLANG_WARN_NON_LITERAL_NULL_CONVERSION = YES;
				CLANG_WARN_OBJC_LITERAL_CONVERSION = YES;
				CLANG_WARN_OBJC_ROOT_CLASS = YES_ERROR;
				CLANG_WARN_RANGE_LOOP_ANALYSIS = YES;
				CLANG_WARN_STRICT_PROTOTYPES = YES;
				CLANG_WARN_SUSPICIOUS_MOVE = YES;
				CLANG_WARN_UNGUARDED_AVAILABILITY = YES_AGGRESSIVE;
				CLANG_WARN_UNREACHABLE_CODE = YES;
				CLANG_WARN__DUPLICATE_METHOD_MATCH = YES;
				CODE_SIGN_IDENTITY = "Mac Developer";
				COPY_PHASE_STRIP = NO;
				DEBUG_INFORMATION_FORMAT = "dwarf-with-dsym";
				ENABLE_NS_ASSERTIONS = NO;
				ENABLE_STRICT_OBJC_MSGSEND = YES;
				GCC_C_LANGUAGE_STANDARD = gnu11;
				GCC_NO_COMMON_BLOCKS = YES;
				GCC_WARN_64_TO_32_BIT_CONVERSION = YES;
				GCC_WARN_ABOUT_RETURN_TYPE = YES_ERROR;
				GCC_WARN_UNDECLARED_SELECTOR = YES;
				GCC_WARN_UNINITIALIZED_AUTOS = YES_AGGRESSIVE;
				GCC_WARN_UNUSED_FUNCTION = YES;
				GCC_WARN_UNUSED_VARIABLE = YES;
				MACOSX_DEPLOYMENT_TARGET = 10.13;
				MTL_ENABLE_DEBUG_INFO = NO;
				SDKROOT = macosx;
			};
			name = Release;
		};
		9FDD7AEA20D00C00006CAEF8 /* Debug */ = {
			isa = XCBuildConfiguration;
			buildSettings = {
				CODE_SIGN_STYLE = Automatic;
				COMBINE_HIDPI_IMAGES = YES;
				DEVELOPMENT_TEAM = M5BZ48L2T7;
				HEADER_SEARCH_PATHS = /usr/local/Cellar/opencv/3.4.1_5/include;
				INFOPLIST_FILE = DRDll/Info.plist;
				INSTALL_PATH = "$(LOCAL_LIBRARY_DIR)/Bundles";
				LIBRARY_SEARCH_PATHS = /usr/local/Cellar/opencv/3.4.1_5/lib;
				OTHER_LDFLAGS = (
					"-lopencv_superres",
					"-lopencv_videostab",
					"-lopencv_photo",
					"-lopencv_aruco",
					"-lopencv_bgsegm",
					"-lopencv_bioinspired",
					"-lopencv_ccalib",
					"-lopencv_dpm",
					"-lopencv_face",
					"-lopencv_fuzzy",
					"-lopencv_img_hash",
					"-lopencv_line_descriptor",
					"-lopencv_optflow",
					"-lopencv_reg",
					"-lopencv_rgbd",
					"-lopencv_saliency",
					"-lopencv_stereo",
					"-lopencv_structured_light",
					"-lopencv_phase_unwrapping",
					"-lopencv_surface_matching",
					"-lopencv_tracking",
					"-lopencv_datasets",
					"-lopencv_dnn",
					"-lopencv_plot",
					"-lopencv_xfeatures2d",
					"-lopencv_shape",
					"-lopencv_video",
					"-lopencv_ml",
					"-lopencv_ximgproc",
					"-lopencv_calib3d",
					"-lopencv_features2d",
					"-lopencv_highgui",
					"-lopencv_videoio",
					"-lopencv_flann",
					"-lopencv_xobjdetect",
					"-lopencv_imgcodecs",
					"-lopencv_objdetect",
					"-lopencv_xphoto",
					"-lopencv_imgproc",
					"-lopencv_core",
				);
				PRODUCT_BUNDLE_IDENTIFIER = com.bristol.larry.DRDll;
				PRODUCT_NAME = "$(TARGET_NAME)";
				SKIP_INSTALL = YES;
				WRAPPER_EXTENSION = bundle;
			};
			name = Debug;
		};
		9FDD7AEB20D00C00006CAEF8 /* Release */ = {
			isa = XCBuildConfiguration;
			buildSettings = {
				CODE_SIGN_STYLE = Automatic;
				COMBINE_HIDPI_IMAGES = YES;
				DEVELOPMENT_TEAM = M5BZ48L2T7;
				HEADER_SEARCH_PATHS = /usr/local/Cellar/opencv/3.4.1_5/include;
				INFOPLIST_FILE = DRDll/Info.plist;
				INSTALL_PATH = "$(LOCAL_LIBRARY_DIR)/Bundles";
				LIBRARY_SEARCH_PATHS = /usr/local/Cellar/opencv/3.4.1_5/lib;
				OTHER_LDFLAGS = (
					"-lopencv_superres",
					"-lopencv_videostab",
					"-lopencv_photo",
					"-lopencv_aruco",
					"-lopencv_bgsegm",
					"-lopencv_bioinspired",
					"-lopencv_ccalib",
					"-lopencv_dpm",
					"-lopencv_face",
					"-lopencv_fuzzy",
					"-lopencv_img_hash",
					"-lopencv_line_descriptor",
					"-lopencv_optflow",
					"-lopencv_reg",
					"-lopencv_rgbd",
					"-lopencv_saliency",
					"-lopencv_stereo",
					"-lopencv_structured_light",
					"-lopencv_phase_unwrapping",
					"-lopencv_surface_matching",
					"-lopencv_tracking",
					"-lopencv_datasets",
					"-lopencv_dnn",
					"-lopencv_plot",
					"-lopencv_xfeatures2d",
					"-lopencv_shape",
					"-lopencv_video",
					"-lopencv_ml",
					"-lopencv_ximgproc",
					"-lopencv_calib3d",
					"-lopencv_features2d",
					"-lopencv_highgui",
					"-lopencv_videoio",
					"-lopencv_flann",
					"-lopencv_xobjdetect",
					"-lopencv_imgcodecs",
					"-lopencv_objdetect",
					"-lopencv_xphoto",
					"-lopencv_imgproc",
					"-lopencv_core",
				);
				PRODUCT_BUNDLE_IDENTIFIER = com.bristol.larry.DRDll;
				PRODUCT_NAME = "$(TARGET_NAME)";
				SKIP_INSTALL = YES;
				WRAPPER_EXTENSION = bundle;
			};
			name = Release;
		};
/* End XCBuildConfiguration section */

/* Begin XCConfigurationList section */
		9FDD7ADE20D00C00006CAEF8 /* Build configuration list for PBXProject "DRDll" */ = {
			isa = XCConfigurationList;
			buildConfigurations = (
				9FDD7AE720D00C00006CAEF8 /* Debug */,
				9FDD7AE820D00C00006CAEF8 /* Release */,
			);
			defaultConfigurationIsVisible = 0;
			defaultConfigurationName = Release;
		};
		9FDD7AE920D00C00006CAEF8 /* Build configuration list for PBXNativeTarget "DRDll" */ = {
			isa = XCConfigurationList;
			buildConfigurations = (
				9FDD7AEA20D00C00006CAEF8 /* Debug */,
				9FDD7AEB20D00C00006CAEF8 /* Release */,
			);
			defaultConfigurationIsVisible = 0;
			defaultConfigurationName = Release;
		};
/* End XCConfigurationList section */
	};
	rootObject = 9FDD7ADB20D00C00006CAEF8 /* Project object */;
}
